
Microsoft Visual Studio Solution File, Format Version 12.00
# Visual Studio Version 17
VisualStudioVersion = 17.2.32630.192
MinimumVisualStudioVersion = 10.0.40219.1
Project("{F184B08F-C81C-45F6-A57F-5ABD9991F28F}") = "StudentRegistration", "StudentRegistration.vbproj", "{A5B7C811-3FEE-4AF4-BD57-D28E0406955A}"
EndProject
Global
	GlobalSection(SolutionConfigurationPlatforms) = preSolution
		Debug|Any CPU = Debug|Any CPU
		Release|Any CPU = Release|Any CPU
	EndGlobalSection
	GlobalSection(ProjectConfigurationPlatforms) = postSolution
		{A5B7C811-3FEE-4AF4-BD57-D28E0406955A}.Debug|Any CPU.ActiveCfg = Debug|Any CPU
		{A5B7C811-3FEE-4AF4-BD57-D28E0406955A}.Debug|Any CPU.Build.0 = Debug|Any CPU
		{A5B7C811-3FEE-4AF4-BD57-D28E0406955A}.Release|Any CPU.ActiveCfg = Release|Any CPU
		{A5B7C811-3FEE-4AF4-BD57-D28E0406955A}.Release|Any CPU.Build.0 = Release|Any CPU
	EndGlobalSection
	GlobalSection(SolutionProperties) = preSolution
		HideSolutionNode = FALSE
	EndGlobalSection
	GlobalSection(ExtensibilityGlobals) = postSolution
		SolutionGuid = {6096E1B6-E111-4575-83EA-AB1BD5A68397}
	EndGlobalSection
EndGlobal
